// !$*UTF8*$!
{
	archiveVersion = 1;
	classes = {
	};
	objectVersion = 46;
	objects = {

/* Begin PBXBuildFile section */
		23AE1B111EC4EEA400CFB968 /* AppDelegate.swift in Sources */ = {isa = PBXBuildFile; fileRef = 23AE1B101EC4EEA400CFB968 /* AppDelegate.swift */; };
		23AE1B131EC4EEA400CFB968 /* ViewController.swift in Sources */ = {isa = PBXBuildFile; fileRef = 23AE1B121EC4EEA400CFB968 /* ViewController.swift */; };
		23AE1B161EC4EEA400CFB968 /* Main.storyboard in Resources */ = {isa = PBXBuildFile; fileRef = 23AE1B141EC4EEA400CFB968 /* Main.storyboard */; };
		23AE1B181EC4EEA400CFB968 /* Assets.xcassets in Resources */ = {isa = PBXBuildFile; fileRef = 23AE1B171EC4EEA400CFB968 /* Assets.xcassets */; };
		23AE1B1B1EC4EEA400CFB968 /* LaunchScreen.storyboard in Resources */ = {isa = PBXBuildFile; fileRef = 23AE1B191EC4EEA400CFB968 /* LaunchScreen.storyboard */; };
		23AE1B231EC4EECA00CFB968 /* ScrollControl.swift in Sources */ = {isa = PBXBuildFile; fileRef = 23AE1B221EC4EECA00CFB968 /* ScrollControl.swift */; };
		23AE1B251EC4EEE900CFB968 /* NSLayoutConstraint Extensions.swift in Sources */ = {isa = PBXBuildFile; fileRef = 23AE1B241EC4EEE900CFB968 /* NSLayoutConstraint Extensions.swift */; };
/* End PBXBuildFile section */

/* Begin PBXFileReference section */
		23AE1B0D1EC4EEA400CFB968 /* ScrollControl.app */ = {isa = PBXFileReference; explicitFileType = wrapper.application; includeInIndex = 0; path = ScrollControl.app; sourceTree = BUILT_PRODUCTS_DIR; };
		23AE1B101EC4EEA400CFB968 /* AppDelegate.swift */ = {isa = PBXFileReference; lastKnownFileType = sourcecode.swift; path = AppDelegate.swift; sourceTree = "<group>"; };
		23AE1B121EC4EEA400CFB968 /* ViewController.swift */ = {isa = PBXFileReference; lastKnownFileType = sourcecode.swift; path = ViewController.swift; sourceTree = "<group>"; };
		23AE1B151EC4EEA400CFB968 /* Base */ = {isa = PBXFileReference; lastKnownFileType = file.storyboard; name = Base; path = Base.lproj/Main.storyboard; sourceTree = "<group>"; };
		23AE1B171EC4EEA400CFB968 /* Assets.xcassets */ = {isa = PBXFileReference; lastKnownFileType = folder.assetcatalog; path = Assets.xcassets; sourceTree = "<group>"; };
		23AE1B1A1EC4EEA400CFB968 /* Base */ = {isa = PBXFileReference; lastKnownFileType = file.storyboard; name = Base; path = Base.lproj/LaunchScreen.storyboard; sourceTree = "<group>"; };
		23AE1B1C1EC4EEA400CFB968 /* Info.plist */ = {isa = PBXFileReference; lastKnownFileType = text.plist.xml; path = Info.plist; sourceTree = "<group>"; };
		23AE1B221EC4EECA00CFB968 /* ScrollControl.swift */ = {isa = PBXFileReference; fileEncoding = 4; lastKnownFileType = sourcecode.swift; path = ScrollControl.swift; sourceTree = "<group>"; };
		23AE1B241EC4EEE900CFB968 /* NSLayoutConstraint Extensions.swift */ = {isa = PBXFileReference; fileEncoding = 4; lastKnownFileType = sourcecode.swift; path = "NSLayoutConstraint Extensions.swift"; sourceTree = "<group>"; };
/* End PBXFileReference section */

/* Begin PBXFrameworksBuildPhase section */
		23AE1B0A1EC4EEA400CFB968 /* Frameworks */ = {
			isa = PBXFrameworksBuildPhase;
			buildActionMask = 2147483647;
			files = (
			);
			runOnlyForDeploymentPostprocessing = 0;
		};
/* End PBXFrameworksBuildPhase section */

/* Begin PBXGroup section */
		23AE1B041EC4EEA400CFB968 = {
			isa = PBXGroup;
			children = (
				23AE1B0F1EC4EEA400CFB968 /* ScrollControl */,
				23AE1B0E1EC4EEA400CFB968 /* Products */,
				23AE1B241EC4EEE900CFB968 /* NSLayoutConstraint Extensions.swift */,
			);
			sourceTree = "<group>";
		};
		23AE1B0E1EC4EEA400CFB968 /* Products */ = {
			isa = PBXGroup;
			children = (
				23AE1B0D1EC4EEA400CFB968 /* ScrollControl.app */,
			);
			name = Products;
			sourceTree = "<group>";
		};
		23AE1B0F1EC4EEA400CFB968 /* ScrollControl */ = {
			isa = PBXGroup;
			children = (
				23AE1B141EC4EEA400CFB968 /* Main.storyboard */,
				23AE1B101EC4EEA400CFB968 /* AppDelegate.swift */,
				23AE1B121EC4EEA400CFB968 /* ViewController.swift */,
				23AE1B221EC4EECA00CFB968 /* ScrollControl.swift */,
				23AE1B171EC4EEA400CFB968 /* Assets.xcassets */,
				23AE1B191EC4EEA400CFB968 /* LaunchScreen.storyboard */,
				23AE1B1C1EC4EEA400CFB968 /* Info.plist */,
			);
			path = ScrollControl;
			sourceTree = "<group>";
		};
/* End PBXGroup section */

/* Begin PBXNativeTarget section */
		23AE1B0C1EC4EEA400CFB968 /* ScrollControl */ = {
			isa = PBXNativeTarget;
			buildConfigurationList = 23AE1B1F1EC4EEA400CFB968 /* Build configuration list for PBXNativeTarget "ScrollControl" */;
			buildPhases = (
				23AE1B091EC4EEA400CFB968 /* Sources */,
				23AE1B0A1EC4EEA400CFB968 /* Frameworks */,
				23AE1B0B1EC4EEA400CFB968 /* Resources */,
			);
			buildRules = (
			);
			dependencies = (
			);
			name = ScrollControl;
			productName = ScrollControl;
			productReference = 23AE1B0D1EC4EEA400CFB968 /* ScrollControl.app */;
			productType = "com.apple.product-type.application";
		};
/* End PBXNativeTarget section */

/* Begin PBXProject section */
		23AE1B051EC4EEA400CFB968 /* Project object */ = {
			isa = PBXProject;
			attributes = {
				LastSwiftUpdateCheck = 0830;
				LastUpgradeCheck = 0830;
				ORGANIZATIONNAME = "Roselle Tanner";
				TargetAttributes = {
					23AE1B0C1EC4EEA400CFB968 = {
						CreatedOnToolsVersion = 8.3.1;
						DevelopmentTeam = N5W8253H8H;
						ProvisioningStyle = Automatic;
					};
				};
			};
			buildConfigurationList = 23AE1B081EC4EEA400CFB968 /* Build configuration list for PBXProject "ScrollControl" */;
			compatibilityVersion = "Xcode 3.2";
			developmentRegion = English;
			hasScannedForEncodings = 0;
			knownRegions = (
				en,
				Base,
			);
			mainGroup = 23AE1B041EC4EEA400CFB968;
			productRefGroup = 23AE1B0E1EC4EEA400CFB968 /* Products */;
			projectDirPath = "";
			projectRoot = "";
			targets = (
				23AE1B0C1EC4EEA400CFB968 /* ScrollControl */,
			);
		};
/* End PBXProject section */

/* Begin PBXResourcesBuildPhase section */
		23AE1B0B1EC4EEA400CFB968 /* Resources */ = {
			isa = PBXResourcesBuildPhase;
			buildActionMask = 2147483647;
			files = (
				23AE1B1B1EC4EEA400CFB968 /* LaunchScreen.storyboard in Resources */,
				23AE1B181EC4EEA400CFB968 /* Assets.xcassets in Resources */,
				23AE1B161EC4EEA400CFB968 /* Main.storyboard in Resources */,
			);
			runOnlyForDeploymentPostprocessing = 0;
		};
/* End PBXResourcesBuildPhase section */

/* Begin PBXSourcesBuildPhase section */
		23AE1B091EC4EEA400CFB968 /* Sources */ = {
			isa = PBXSourcesBuildPhase;
			buildActionMask = 2147483647;
			files = (
				23AE1B131EC4EEA400CFB968 /* ViewController.swift in Sources */,
				23AE1B111EC4EEA400CFB968 /* AppDelegate.swift in Sources */,
				23AE1B251EC4EEE900CFB968 /* NSLayoutConstraint Extensions.swift in Sources */,
				23AE1B231EC4EECA00CFB968 /* ScrollControl.swift in Sources */,
			);
			runOnlyForDeploymentPostprocessing = 0;
		};
/* End PBXSourcesBuildPhase section */

/* Begin PBXVariantGroup section */
		23AE1B141EC4EEA400CFB968 /* Main.storyboard */ = {
			isa = PBXVariantGroup;
			children = (
				23AE1B151EC4EEA400CFB968 /* Base */,
			);
			name = Main.storyboard;
			sourceTree = "<group>";
		};
		23AE1B191EC4EEA400CFB968 /* LaunchScreen.storyboard */ = {
			isa = PBXVariantGroup;
			children = (
				23AE1B1A1EC4EEA400CFB968 /* Base */,
			);
			name = LaunchScreen.storyboard;
			sourceTree = "<group>";
		};
/* End PBXVariantGroup section */

/* Begin XCBuildConfiguration section */
		23AE1B1D1EC4EEA400CFB968 /* Debug */ = {
			isa = XCBuildConfiguration;
			buildSettings = {
				ALWAYS_SEARCH_USER_PATHS = NO;
				CLANG_ANALYZER_NONNULL = YES;
				CLANG_ANALYZER_NUMBER_OBJECT_CONVERSION = YES_AGGRESSIVE;
				CLANG_CXX_LANGUAGE_STANDARD = "gnu++0x";
				CLANG_CXX_LIBRARY = "libc++";
				CLANG_ENABLE_MODULES = YES;
				CLANG_ENABLE_OBJC_ARC = YES;
				CLANG_WARN_BOOL_CONVERSION = YES;
				CLANG_WARN_CONSTANT_CONVERSION = YES;
				CLANG_WARN_DIRECT_OBJC_ISA_USAGE = YES_ERROR;
				CLANG_WARN_DOCUMENTATION_COMMENTS = YES;
				CLANG_WARN_EMPTY_BODY = YES;
				CLANG_WARN_ENUM_CONVERSION = YES;
				CLANG_WARN_INFINITE_RECURSION = YES;
				CLANG_WARN_INT_CONVERSION = YES;
				CLANG_WARN_OBJC_ROOT_CLASS = YES_ERROR;
				CLANG_WARN_SUSPICIOUS_MOVE = YES;
				CLANG_WARN_UNREACHABLE_CODE = YES;
				CLANG_WARN__DUPLICATE_METHOD_MATCH = YES;
				"CODE_SIGN_IDENTITY[sdk=iphoneos*]" = "iPhone Developer";
				COPY_PHASE_STRIP = NO;
				DEBUG_INFORMATION_FORMAT = dwarf;
				ENABLE_STRICT_OBJC_MSGSEND = YES;
				ENABLE_TESTABILITY = YES;
				GCC_C_LANGUAGE_STANDARD = gnu99;
				GCC_DYNAMIC_NO_PIC = NO;
				GCC_NO_COMMON_BLOCKS = YES;
				GCC_OPTIMIZATION_LEVEL = 0;
				GCC_PREPROCESSOR_DEFINITIONS = (
					"DEBUG=1",
					"$(inherited)",
				);
				GCC_WARN_64_TO_32_BIT_CONVERSION = YES;
				GCC_WARN_ABOUT_RETURN_TYPE = YES_ERROR;
				GCC_WARN_UNDECLARED_SELECTOR = YES;
				GCC_WARN_UNINITIALIZED_AUTOS = YES_AGGRESSIVE;
				GCC_WARN_UNUSED_FUNCTION = YES;
				GCC_WARN_UNUSED_VARIABLE = YES;
				IPHONEOS_DEPLOYMENT_TARGET = 10.3;
				MTL_ENABLE_DEBUG_INFO = YES;
				ONLY_ACTIVE_ARCH = YES;
				SDKROOT = iphoneos;
				SWIFT_ACTIVE_COMPILATION_CONDITIONS = DEBUG;
				SWIFT_OPTIMIZATION_LEVEL = "-Onone";
				TARGETED_DEVICE_FAMILY = "1,2";
			};
			name = Debug;
		};
		23AE1B1E1EC4EEA400CFB968 /* Release */ = {
			isa = XCBuildConfiguration;
			buildSettings = {
				ALWAYS_SEARCH_USER_PATHS = NO;
				CLANG_ANALYZER_NONNULL = YES;
				CLANG_ANALYZER_NUMBER_OBJECT_CONVERSION = YES_AGGRESSIVE;
				CLANG_CXX_LANGUAGE_STANDARD = "gnu++0x";
				CLANG_CXX_LIBRARY = "libc++";
				CLANG_ENABLE_MODULES = YES;
				CLANG_ENABLE_OBJC_ARC = YES;
				CLANG_WARN_BOOL_CONVERSION = YES;
				CLANG_WARN_CONSTANT_CONVERSION = YES;
				CLANG_WARN_DIRECT_OBJC_ISA_USAGE = YES_ERROR;
				CLANG_WARN_DOCUMENTATION_COMMENTS = YES;
				CLANG_WARN_EMPTY_BODY = YES;
				CLANG_WARN_ENUM_CONVERSION = YES;
				CLANG_WARN_INFINITE_RECURSION = YES;
				CLANG_WARN_INT_CONVERSION = YES;
				CLANG_WARN_OBJC_ROOT_CLASS = YES_ERROR;
				CLANG_WARN_SUSPICIOUS_MOVE = YES;
				CLANG_WARN_UNREACHABLE_CODE = YES;
				CLANG_WARN__DUPLICATE_METHOD_MATCH = YES;
				"CODE_SIGN_IDENTITY[sdk=iphoneos*]" = "iPhone Developer";
				COPY_PHASE_STRIP = NO;
				DEBUG_INFORMATION_FORMAT = "dwarf-with-dsym";
				ENABLE_NS_ASSERTIONS = NO;
				ENABLE_STRICT_OBJC_MSGSEND = YES;
				GCC_C_LANGUAGE_STANDARD = gnu99;
				GCC_NO_COMMON_BLOCKS = YES;
				GCC_WARN_64_TO_32_BIT_CONVERSION = YES;
				GCC_WARN_ABOUT_RETURN_TYPE = YES_ERROR;
				GCC_WARN_UNDECLARED_SELECTOR = YES;
				GCC_WARN_UNINITIALIZED_AUTOS = YES_AGGRESSIVE;
				GCC_WARN_UNUSED_FUNCTION = YES;
				GCC_WARN_UNUSED_VARIABLE = YES;
				IPHONEOS_DEPLOYMENT_TARGET = 10.3;
				MTL_ENABLE_DEBUG_INFO = NO;
				SDKROOT = iphoneos;
				SWIFT_OPTIMIZATION_LEVEL = "-Owholemodule";
				TARGETED_DEVICE_FAMILY = "1,2";
				VALIDATE_PRODUCT = YES;
			};
			name = Release;
		};
		23AE1B201EC4EEA400CFB968 /* Debug */ = {
			isa = XCBuildConfiguration;
			buildSettings = {
				ASSETCATALOG_COMPILER_APPICON_NAME = AppIcon;
				DEVELOPMENT_TEAM = N5W8253H8H;
				INFOPLIST_FILE = ScrollControl/Info.plist;
				LD_RUNPATH_SEARCH_PATHS = "$(inherited) @executable_path/Frameworks";
				PRODUCT_BUNDLE_IDENTIFIER = Roselle.Tanner.ScrollControl;
				PRODUCT_NAME = "$(TARGET_NAME)";
				SWIFT_VERSION = 3.0;
			};
			name = Debug;
		};
		23AE1B211EC4EEA400CFB968 /* Release */ = {
			isa = XCBuildConfiguration;
			buildSettings = {
				ASSETCATALOG_COMPILER_APPICON_NAME = AppIcon;
				DEVELOPMENT_TEAM = N5W8253H8H;
				INFOPLIST_FILE = ScrollControl/Info.plist;
				LD_RUNPATH_SEARCH_PATHS = "$(inherited) @executable_path/Frameworks";
				PRODUCT_BUNDLE_IDENTIFIER = Roselle.Tanner.ScrollControl;
				PRODUCT_NAME = "$(TARGET_NAME)";
				SWIFT_VERSION = 3.0;
			};
			name = Release;
		};
/* End XCBuildConfiguration section */

/* Begin XCConfigurationList section */
		23AE1B081EC4EEA400CFB968 /* Build configuration list for PBXProject "ScrollControl" */ = {
			isa = XCConfigurationList;
			buildConfigurations = (
				23AE1B1D1EC4EEA400CFB968 /* Debug */,
				23AE1B1E1EC4EEA400CFB968 /* Release */,
			);
			defaultConfigurationIsVisible = 0;
			defaultConfigurationName = Release;
		};
		23AE1B1F1EC4EEA400CFB968 /* Build configuration list for PBXNativeTarget "ScrollControl" */ = {
			isa = XCConfigurationList;
			buildConfigurations = (
				23AE1B201EC4EEA400CFB968 /* Debug */,
				23AE1B211EC4EEA400CFB968 /* Release */,
			);
			defaultConfigurationIsVisible = 0;
			defaultConfigurationName = Release;
		};
/* End XCConfigurationList section */
	};
	rootObject = 23AE1B051EC4EEA400CFB968 /* Project object */;
}
